
Microsoft Visual Studio Solution File, Format Version 12.00
# Visual Studio 15
VisualStudioVersion = 15.0.28010.2026
MinimumVisualStudioVersion = 10.0.40219.1
Project("{FAE04EC0-301F-11D3-BF4B-00C04F79EFBC}") = "Output", "Output\Output.csproj", "{434AB6F7-B6B6-48A6-B135-14AB913A5111}"
EndProject
Global
	GlobalSection(SolutionConfigurationPlatforms) = preSolution
		Debug|Any CPU = Debug|Any CPU
		Release|Any CPU = Release|Any CPU
	EndGlobalSection
	GlobalSection(ProjectConfigurationPlatforms) = postSolution
		{434AB6F7-B6B6-48A6-B135-14AB913A5111}.Debug|Any CPU.ActiveCfg = Debug|Any CPU
		{434AB6F7-B6B6-48A6-B135-14AB913A5111}.Debug|Any CPU.Build.0 = Debug|Any CPU
		{434AB6F7-B6B6-48A6-B135-14AB913A5111}.Release|Any CPU.ActiveCfg = Release|Any CPU
		{434AB6F7-B6B6-48A6-B135-14AB913A5111}.Release|Any CPU.Build.0 = Release|Any CPU
	EndGlobalSection
	GlobalSection(SolutionProperties) = preSolution
		HideSolutionNode = FALSE
	EndGlobalSection
	GlobalSection(ExtensibilityGlobals) = postSolution
		SolutionGuid = {84AB2990-8444-4252-B050-FDE054FDA73A}
	EndGlobalSection
EndGlobal
